# THIS IS AN AUTOGENERATED FILE. DO NOT EDIT THIS FILE DIRECTLY.
# yarn lockfile v1


"@stomp/stompjs@^5.4.4":
  version "5.4.4"
  resolved "https://registry.yarnpkg.com/@stomp/stompjs/-/stompjs-5.4.4.tgz#f51d2edf9a00fac645dde3a494738d96ca17e5aa"
  integrity sha512-RIzQ7MLRSJLUpTHcje1ZclnHH982amJSKC9bDxGO0wyu5OF9ROuuiLf7TxKxo1zUu7lGEYNedg9SEi87uMWDqg==
